
Microsoft Visual Studio Solution File, Format Version 12.00
# Visual Studio Version 16
VisualStudioVersion = 16.0.30717.126
MinimumVisualStudioVersion = 10.0.40219.1
Project("{8BC9CEB8-8B4A-11D0-8D11-00A0C91BC942}") = "aoc-cpp", "aoc-cpp.vcxproj", "{012F07E1-F65B-45FC-99CC-077884B6BA30}"
EndProject
Global
	GlobalSection(SolutionConfigurationPlatforms) = preSolution
		Debug|x64 = Debug|x64
		Debug|x86 = Debug|x86
		Release|x64 = Release|x64
		Release|x86 = Release|x86
	EndGlobalSection
	GlobalSection(ProjectConfigurationPlatforms) = postSolution
		{012F07E1-F65B-45FC-99CC-077884B6BA30}.Debug|x64.ActiveCfg = Debug|x64
		{012F07E1-F65B-45FC-99CC-077884B6BA30}.Debug|x64.Build.0 = Debug|x64
		{012F07E1-F65B-45FC-99CC-077884B6BA30}.Debug|x86.ActiveCfg = Debug|Win32
		{012F07E1-F65B-45FC-99CC-077884B6BA30}.Debug|x86.Build.0 = Debug|Win32
		{012F07E1-F65B-45FC-99CC-077884B6BA30}.Release|x64.ActiveCfg = Release|x64
		{012F07E1-F65B-45FC-99CC-077884B6BA30}.Release|x64.Build.0 = Release|x64
		{012F07E1-F65B-45FC-99CC-077884B6BA30}.Release|x86.ActiveCfg = Release|Win32
		{012F07E1-F65B-45FC-99CC-077884B6BA30}.Release|x86.Build.0 = Release|Win32
	EndGlobalSection
	GlobalSection(SolutionProperties) = preSolution
		HideSolutionNode = FALSE
	EndGlobalSection
	GlobalSection(ExtensibilityGlobals) = postSolution
		SolutionGuid = {D127E4DC-8677-4DDD-8ED1-61E0788C842D}
	EndGlobalSection
EndGlobal
